--- 
dependencies: 
- isaac: ">= 0"
- tweetstream: ">= 0"
specs: 
- daemons: 
    version: 1.0.10
- isaac: 
    version: 0.2.6
- eventmachine: 
    version: 0.12.10
- twitter-stream: 
    version: 0.1.4
- tweetstream: 
    version: 1.0.4
hash: a78a073f999ccbcb176d532a7a8596b34f1fc6be
sources: 
- Rubygems: 
    uri: http://gemcutter.org
